
Microsoft Visual Studio Solution File, Format Version 12.00
# Visual Studio 14
VisualStudioVersion = 14.0.25420.1
MinimumVisualStudioVersion = 10.0.40219.1
Project("{FAE04EC0-301F-11D3-BF4B-00C04F79EFBC}") = "StorageBackup", "StorageBackup\StorageBackup.csproj", "{027457A6-D6F1-4C1F-AD67-0890EB607207}"
EndProject
Project("{FAE04EC0-301F-11D3-BF4B-00C04F79EFBC}") = "NecessaryClasses", "NecessaryClasses\NecessaryClasses.csproj", "{1FC57A47-65AE-4463-9A4E-1D3E3AEBFE17}"
EndProject
Global
	GlobalSection(SolutionConfigurationPlatforms) = preSolution
		Debug|Any CPU = Debug|Any CPU
		Release|Any CPU = Release|Any CPU
	EndGlobalSection
	GlobalSection(ProjectConfigurationPlatforms) = postSolution
		{027457A6-D6F1-4C1F-AD67-0890EB607207}.Debug|Any CPU.ActiveCfg = Debug|Any CPU
		{027457A6-D6F1-4C1F-AD67-0890EB607207}.Debug|Any CPU.Build.0 = Debug|Any CPU
		{027457A6-D6F1-4C1F-AD67-0890EB607207}.Release|Any CPU.ActiveCfg = Release|Any CPU
		{027457A6-D6F1-4C1F-AD67-0890EB607207}.Release|Any CPU.Build.0 = Release|Any CPU
		{1FC57A47-65AE-4463-9A4E-1D3E3AEBFE17}.Debug|Any CPU.ActiveCfg = Debug|Any CPU
		{1FC57A47-65AE-4463-9A4E-1D3E3AEBFE17}.Debug|Any CPU.Build.0 = Debug|Any CPU
		{1FC57A47-65AE-4463-9A4E-1D3E3AEBFE17}.Release|Any CPU.ActiveCfg = Release|Any CPU
		{1FC57A47-65AE-4463-9A4E-1D3E3AEBFE17}.Release|Any CPU.Build.0 = Release|Any CPU
	EndGlobalSection
	GlobalSection(SolutionProperties) = preSolution
		HideSolutionNode = FALSE
	EndGlobalSection
EndGlobal
